
Microsoft Visual Studio Solution File, Format Version 12.00
# Visual Studio Version 17
VisualStudioVersion = 17.0.31903.59
MinimumVisualStudioVersion = 10.0.40219.1
Project("{9A19103F-16F7-4668-BE54-9A1E7A4F7556}") = "LolRiTTeRBotAPI", "LolRiTTeRBotAPI\LolRiTTeRBotAPI.csproj", "{47380B75-662D-412E-BFAE-85D6A07F0FEB}"
EndProject
Project("{FAE04EC0-301F-11D3-BF4B-00C04F79EFBC}") = "LolRiTTeRBotAPITest", "LolRiTTeRBotAPITest\LolRiTTeRBotAPITest.csproj", "{BB4643D0-0EC6-49DE-9817-78DE43001692}"
	ProjectSection(ProjectDependencies) = postProject
		{47380B75-662D-412E-BFAE-85D6A07F0FEB} = {47380B75-662D-412E-BFAE-85D6A07F0FEB}
	EndProjectSection
EndProject
Global
	GlobalSection(SolutionConfigurationPlatforms) = preSolution
		Debug|Any CPU = Debug|Any CPU
		Release|Any CPU = Release|Any CPU
	EndGlobalSection
	GlobalSection(ProjectConfigurationPlatforms) = postSolution
		{47380B75-662D-412E-BFAE-85D6A07F0FEB}.Debug|Any CPU.ActiveCfg = Release|Any CPU
		{47380B75-662D-412E-BFAE-85D6A07F0FEB}.Release|Any CPU.ActiveCfg = Release|Any CPU
		{47380B75-662D-412E-BFAE-85D6A07F0FEB}.Release|Any CPU.Build.0 = Release|Any CPU
		{BB4643D0-0EC6-49DE-9817-78DE43001692}.Debug|Any CPU.ActiveCfg = Debug|Any CPU
		{BB4643D0-0EC6-49DE-9817-78DE43001692}.Debug|Any CPU.Build.0 = Debug|Any CPU
		{BB4643D0-0EC6-49DE-9817-78DE43001692}.Release|Any CPU.ActiveCfg = Release|Any CPU
		{BB4643D0-0EC6-49DE-9817-78DE43001692}.Release|Any CPU.Build.0 = Release|Any CPU
	EndGlobalSection
	GlobalSection(SolutionProperties) = preSolution
		HideSolutionNode = FALSE
	EndGlobalSection
	GlobalSection(ExtensibilityGlobals) = postSolution
		SolutionGuid = {3E7B1E65-F86A-4B08-8CA8-1F844C5F052A}
	EndGlobalSection
EndGlobal
